uuid: 1ce16d20-fc5d-4729-a135-ce7aa1340fcf
langcode: uk
status: true
dependencies:
  content:
    - 'block_content:basic:7986cc8e-3e1d-489f-be6a-f30e2dd7e154'
  module:
    - block_content
  theme:
    - vpba
id: social_sharing_block
theme: vpba
region: footer
weight: 0
provider: null
plugin: 'block_content:7986cc8e-3e1d-489f-be6a-f30e2dd7e154'
settings:
  id: 'block_content:7986cc8e-3e1d-489f-be6a-f30e2dd7e154'
  label: 'Блок спільного доступу'
  provider: block_content
  label_display: '0'
  status: true
  info: ''
  view_mode: full
visibility: {  }
